
Microsoft Visual Studio Solution File, Format Version 12.00
# Visual Studio Version 17
VisualStudioVersion = 17.8.34330.188
MinimumVisualStudioVersion = 10.0.40219.1
Project("{FAE04EC0-301F-11D3-BF4B-00C04F79EFBC}") = "proyecto_api", "proyecto_api\proyecto_api.csproj", "{708C2C62-0F57-4D34-B397-78A4CFA56F3B}"
EndProject
Global
	GlobalSection(SolutionConfigurationPlatforms) = preSolution
		Debug|Any CPU = Debug|Any CPU
		Release|Any CPU = Release|Any CPU
	EndGlobalSection
	GlobalSection(ProjectConfigurationPlatforms) = postSolution
		{708C2C62-0F57-4D34-B397-78A4CFA56F3B}.Debug|Any CPU.ActiveCfg = Debug|Any CPU
		{708C2C62-0F57-4D34-B397-78A4CFA56F3B}.Debug|Any CPU.Build.0 = Debug|Any CPU
		{708C2C62-0F57-4D34-B397-78A4CFA56F3B}.Release|Any CPU.ActiveCfg = Release|Any CPU
		{708C2C62-0F57-4D34-B397-78A4CFA56F3B}.Release|Any CPU.Build.0 = Release|Any CPU
	EndGlobalSection
	GlobalSection(SolutionProperties) = preSolution
		HideSolutionNode = FALSE
	EndGlobalSection
	GlobalSection(ExtensibilityGlobals) = postSolution
		SolutionGuid = {C4FC7D5D-E535-4B1D-A7F1-186DFBDBCFDF}
	EndGlobalSection
EndGlobal
